// !$*UTF8*$!
{
	archiveVersion = 1;
	classes = {
	};
	objectVersion = 46;
	objects = {

/* Begin PBXBuildFile section */
		84896F531D06354B00E032BB /* AppDelegate.swift in Sources */ = {isa = PBXBuildFile; fileRef = 84896F521D06354B00E032BB /* AppDelegate.swift */; };
		84896F551D06354B00E032BB /* ViewController.swift in Sources */ = {isa = PBXBuildFile; fileRef = 84896F541D06354B00E032BB /* ViewController.swift */; };
		84896F581D06354B00E032BB /* Main.storyboard in Resources */ = {isa = PBXBuildFile; fileRef = 84896F561D06354B00E032BB /* Main.storyboard */; };
		84896F5A1D06354B00E032BB /* Assets.xcassets in Resources */ = {isa = PBXBuildFile; fileRef = 84896F591D06354B00E032BB /* Assets.xcassets */; };
		84896F5D1D06354B00E032BB /* LaunchScreen.storyboard in Resources */ = {isa = PBXBuildFile; fileRef = 84896F5B1D06354B00E032BB /* LaunchScreen.storyboard */; };
		84896F681D06354B00E032BB /* SuperCoolTests.swift in Sources */ = {isa = PBXBuildFile; fileRef = 84896F671D06354B00E032BB /* SuperCoolTests.swift */; };
		84896F731D06354B00E032BB /* SuperCoolUITests.swift in Sources */ = {isa = PBXBuildFile; fileRef = 84896F721D06354B00E032BB /* SuperCoolUITests.swift */; };
/* End PBXBuildFile section */

/* Begin PBXContainerItemProxy section */
		84896F641D06354B00E032BB /* PBXContainerItemProxy */ = {
			isa = PBXContainerItemProxy;
			containerPortal = 84896F471D06354B00E032BB /* Project object */;
			proxyType = 1;
			remoteGlobalIDString = 84896F4E1D06354B00E032BB;
			remoteInfo = SuperCool;
		};
		84896F6F1D06354B00E032BB /* PBXContainerItemProxy */ = {
			isa = PBXContainerItemProxy;
			containerPortal = 84896F471D06354B00E032BB /* Project object */;
			proxyType = 1;
			remoteGlobalIDString = 84896F4E1D06354B00E032BB;
			remoteInfo = SuperCool;
		};
/* End PBXContainerItemProxy section */

/* Begin PBXFileReference section */
		84896F4F1D06354B00E032BB /* SuperCool.app */ = {isa = PBXFileReference; explicitFileType = wrapper.application; includeInIndex = 0; path = SuperCool.app; sourceTree = BUILT_PRODUCTS_DIR; };
		84896F521D06354B00E032BB /* AppDelegate.swift */ = {isa = PBXFileReference; lastKnownFileType = sourcecode.swift; path = AppDelegate.swift; sourceTree = "<group>"; };
		84896F541D06354B00E032BB /* ViewController.swift */ = {isa = PBXFileReference; lastKnownFileType = sourcecode.swift; path = ViewController.swift; sourceTree = "<group>"; };
		84896F571D06354B00E032BB /* Base */ = {isa = PBXFileReference; lastKnownFileType = file.storyboard; name = Base; path = Base.lproj/Main.storyboard; sourceTree = "<group>"; };
		84896F591D06354B00E032BB /* Assets.xcassets */ = {isa = PBXFileReference; lastKnownFileType = folder.assetcatalog; path = Assets.xcassets; sourceTree = "<group>"; };
		84896F5C1D06354B00E032BB /* Base */ = {isa = PBXFileReference; lastKnownFileType = file.storyboard; name = Base; path = Base.lproj/LaunchScreen.storyboard; sourceTree = "<group>"; };
		84896F5E1D06354B00E032BB /* Info.plist */ = {isa = PBXFileReference; lastKnownFileType = text.plist.xml; path = Info.plist; sourceTree = "<group>"; };
		84896F631D06354B00E032BB /* SuperCoolTests.xctest */ = {isa = PBXFileReference; explicitFileType = wrapper.cfbundle; includeInIndex = 0; path = SuperCoolTests.xctest; sourceTree = BUILT_PRODUCTS_DIR; };
		84896F671D06354B00E032BB /* SuperCoolTests.swift */ = {isa = PBXFileReference; lastKnownFileType = sourcecode.swift; path = SuperCoolTests.swift; sourceTree = "<group>"; };
		84896F691D06354B00E032BB /* Info.plist */ = {isa = PBXFileReference; lastKnownFileType = text.plist.xml; path = Info.plist; sourceTree = "<group>"; };
		84896F6E1D06354B00E032BB /* SuperCoolUITests.xctest */ = {isa = PBXFileReference; explicitFileType = wrapper.cfbundle; includeInIndex = 0; path = SuperCoolUITests.xctest; sourceTree = BUILT_PRODUCTS_DIR; };
		84896F721D06354B00E032BB /* SuperCoolUITests.swift */ = {isa = PBXFileReference; lastKnownFileType = sourcecode.swift; path = SuperCoolUITests.swift; sourceTree = "<group>"; };
		84896F741D06354B00E032BB /* Info.plist */ = {isa = PBXFileReference; lastKnownFileType = text.plist.xml; path = Info.plist; sourceTree = "<group>"; };
/* End PBXFileReference section */

/* Begin PBXFrameworksBuildPhase section */
		84896F4C1D06354B00E032BB /* Frameworks */ = {
			isa = PBXFrameworksBuildPhase;
			buildActionMask = 2147483647;
			files = (
			);
			runOnlyForDeploymentPostprocessing = 0;
		};
		84896F601D06354B00E032BB /* Frameworks */ = {
			isa = PBXFrameworksBuildPhase;
			buildActionMask = 2147483647;
			files = (
			);
			runOnlyForDeploymentPostprocessing = 0;
		};
		84896F6B1D06354B00E032BB /* Frameworks */ = {
			isa = PBXFrameworksBuildPhase;
			buildActionMask = 2147483647;
			files = (
			);
			runOnlyForDeploymentPostprocessing = 0;
		};
/* End PBXFrameworksBuildPhase section */

/* Begin PBXGroup section */
		84896F461D06354B00E032BB = {
			isa = PBXGroup;
			children = (
				84896F511D06354B00E032BB /* SuperCool */,
				84896F661D06354B00E032BB /* SuperCoolTests */,
				84896F711D06354B00E032BB /* SuperCoolUITests */,
				84896F501D06354B00E032BB /* Products */,
			);
			sourceTree = "<group>";
		};
		84896F501D06354B00E032BB /* Products */ = {
			isa = PBXGroup;
			children = (
				84896F4F1D06354B00E032BB /* SuperCool.app */,
				84896F631D06354B00E032BB /* SuperCoolTests.xctest */,
				84896F6E1D06354B00E032BB /* SuperCoolUITests.xctest */,
			);
			name = Products;
			sourceTree = "<group>";
		};
		84896F511D06354B00E032BB /* SuperCool */ = {
			isa = PBXGroup;
			children = (
				84896F521D06354B00E032BB /* AppDelegate.swift */,
				84896F541D06354B00E032BB /* ViewController.swift */,
				84896F561D06354B00E032BB /* Main.storyboard */,
				84896F591D06354B00E032BB /* Assets.xcassets */,
				84896F5B1D06354B00E032BB /* LaunchScreen.storyboard */,
				84896F5E1D06354B00E032BB /* Info.plist */,
			);
			path = SuperCool;
			sourceTree = "<group>";
		};
		84896F661D06354B00E032BB /* SuperCoolTests */ = {
			isa = PBXGroup;
			children = (
				84896F671D06354B00E032BB /* SuperCoolTests.swift */,
				84896F691D06354B00E032BB /* Info.plist */,
			);
			path = SuperCoolTests;
			sourceTree = "<group>";
		};
		84896F711D06354B00E032BB /* SuperCoolUITests */ = {
			isa = PBXGroup;
			children = (
				84896F721D06354B00E032BB /* SuperCoolUITests.swift */,
				84896F741D06354B00E032BB /* Info.plist */,
			);
			path = SuperCoolUITests;
			sourceTree = "<group>";
		};
/* End PBXGroup section */

/* Begin PBXNativeTarget section */
		84896F4E1D06354B00E032BB /* SuperCool */ = {
			isa = PBXNativeTarget;
			buildConfigurationList = 84896F771D06354B00E032BB /* Build configuration list for PBXNativeTarget "SuperCool" */;
			buildPhases = (
				84896F4B1D06354B00E032BB /* Sources */,
				84896F4C1D06354B00E032BB /* Frameworks */,
				84896F4D1D06354B00E032BB /* Resources */,
			);
			buildRules = (
			);
			dependencies = (
			);
			name = SuperCool;
			productName = SuperCool;
			productReference = 84896F4F1D06354B00E032BB /* SuperCool.app */;
			productType = "com.apple.product-type.application";
		};
		84896F621D06354B00E032BB /* SuperCoolTests */ = {
			isa = PBXNativeTarget;
			buildConfigurationList = 84896F7A1D06354B00E032BB /* Build configuration list for PBXNativeTarget "SuperCoolTests" */;
			buildPhases = (
				84896F5F1D06354B00E032BB /* Sources */,
				84896F601D06354B00E032BB /* Frameworks */,
				84896F611D06354B00E032BB /* Resources */,
			);
			buildRules = (
			);
			dependencies = (
				84896F651D06354B00E032BB /* PBXTargetDependency */,
			);
			name = SuperCoolTests;
			productName = SuperCoolTests;
			productReference = 84896F631D06354B00E032BB /* SuperCoolTests.xctest */;
			productType = "com.apple.product-type.bundle.unit-test";
		};
		84896F6D1D06354B00E032BB /* SuperCoolUITests */ = {
			isa = PBXNativeTarget;
			buildConfigurationList = 84896F7D1D06354B00E032BB /* Build configuration list for PBXNativeTarget "SuperCoolUITests" */;
			buildPhases = (
				84896F6A1D06354B00E032BB /* Sources */,
				84896F6B1D06354B00E032BB /* Frameworks */,
				84896F6C1D06354B00E032BB /* Resources */,
			);
			buildRules = (
			);
			dependencies = (
				84896F701D06354B00E032BB /* PBXTargetDependency */,
			);
			name = SuperCoolUITests;
			productName = SuperCoolUITests;
			productReference = 84896F6E1D06354B00E032BB /* SuperCoolUITests.xctest */;
			productType = "com.apple.product-type.bundle.ui-testing";
		};
/* End PBXNativeTarget section */

/* Begin PBXProject section */
		84896F471D06354B00E032BB /* Project object */ = {
			isa = PBXProject;
			attributes = {
				LastSwiftUpdateCheck = 0730;
				LastUpgradeCheck = 0730;
				ORGANIZATIONNAME = Admin;
				TargetAttributes = {
					84896F4E1D06354B00E032BB = {
						CreatedOnToolsVersion = 7.3.1;
					};
					84896F621D06354B00E032BB = {
						CreatedOnToolsVersion = 7.3.1;
						TestTargetID = 84896F4E1D06354B00E032BB;
					};
					84896F6D1D06354B00E032BB = {
						CreatedOnToolsVersion = 7.3.1;
						TestTargetID = 84896F4E1D06354B00E032BB;
					};
				};
			};
			buildConfigurationList = 84896F4A1D06354B00E032BB /* Build configuration list for PBXProject "SuperCool" */;
			compatibilityVersion = "Xcode 3.2";
			developmentRegion = English;
			hasScannedForEncodings = 0;
			knownRegions = (
				en,
				Base,
			);
			mainGroup = 84896F461D06354B00E032BB;
			productRefGroup = 84896F501D06354B00E032BB /* Products */;
			projectDirPath = "";
			projectRoot = "";
			targets = (
				84896F4E1D06354B00E032BB /* SuperCool */,
				84896F621D06354B00E032BB /* SuperCoolTests */,
				84896F6D1D06354B00E032BB /* SuperCoolUITests */,
			);
		};
/* End PBXProject section */

/* Begin PBXResourcesBuildPhase section */
		84896F4D1D06354B00E032BB /* Resources */ = {
			isa = PBXResourcesBuildPhase;
			buildActionMask = 2147483647;
			files = (
				84896F5D1D06354B00E032BB /* LaunchScreen.storyboard in Resources */,
				84896F5A1D06354B00E032BB /* Assets.xcassets in Resources */,
				84896F581D06354B00E032BB /* Main.storyboard in Resources */,
			);
			runOnlyForDeploymentPostprocessing = 0;
		};
		84896F611D06354B00E032BB /* Resources */ = {
			isa = PBXResourcesBuildPhase;
			buildActionMask = 2147483647;
			files = (
			);
			runOnlyForDeploymentPostprocessing = 0;
		};
		84896F6C1D06354B00E032BB /* Resources */ = {
			isa = PBXResourcesBuildPhase;
			buildActionMask = 2147483647;
			files = (
			);
			runOnlyForDeploymentPostprocessing = 0;
		};
/* End PBXResourcesBuildPhase section */

/* Begin PBXSourcesBuildPhase section */
		84896F4B1D06354B00E032BB /* Sources */ = {
			isa = PBXSourcesBuildPhase;
			buildActionMask = 2147483647;
			files = (
				84896F551D06354B00E032BB /* ViewController.swift in Sources */,
				84896F531D06354B00E032BB /* AppDelegate.swift in Sources */,
			);
			runOnlyForDeploymentPostprocessing = 0;
		};
		84896F5F1D06354B00E032BB /* Sources */ = {
			isa = PBXSourcesBuildPhase;
			buildActionMask = 2147483647;
			files = (
				84896F681D06354B00E032BB /* SuperCoolTests.swift in Sources */,
			);
			runOnlyForDeploymentPostprocessing = 0;
		};
		84896F6A1D06354B00E032BB /* Sources */ = {
			isa = PBXSourcesBuildPhase;
			buildActionMask = 2147483647;
			files = (
				84896F731D06354B00E032BB /* SuperCoolUITests.swift in Sources */,
			);
			runOnlyForDeploymentPostprocessing = 0;
		};
/* End PBXSourcesBuildPhase section */

/* Begin PBXTargetDependency section */
		84896F651D06354B00E032BB /* PBXTargetDependency */ = {
			isa = PBXTargetDependency;
			target = 84896F4E1D06354B00E032BB /* SuperCool */;
			targetProxy = 84896F641D06354B00E032BB /* PBXContainerItemProxy */;
		};
		84896F701D06354B00E032BB /* PBXTargetDependency */ = {
			isa = PBXTargetDependency;
			target = 84896F4E1D06354B00E032BB /* SuperCool */;
			targetProxy = 84896F6F1D06354B00E032BB /* PBXContainerItemProxy */;
		};
/* End PBXTargetDependency section */

/* Begin PBXVariantGroup section */
		84896F561D06354B00E032BB /* Main.storyboard */ = {
			isa = PBXVariantGroup;
			children = (
				84896F571D06354B00E032BB /* Base */,
			);
			name = Main.storyboard;
			sourceTree = "<group>";
		};
		84896F5B1D06354B00E032BB /* LaunchScreen.storyboard */ = {
			isa = PBXVariantGroup;
			children = (
				84896F5C1D06354B00E032BB /* Base */,
			);
			name = LaunchScreen.storyboard;
			sourceTree = "<group>";
		};
/* End PBXVariantGroup section */

/* Begin XCBuildConfiguration section */
		84896F751D06354B00E032BB /* Debug */ = {
			isa = XCBuildConfiguration;
			buildSettings = {
				ALWAYS_SEARCH_USER_PATHS = NO;
				CLANG_ANALYZER_NONNULL = YES;
				CLANG_CXX_LANGUAGE_STANDARD = "gnu++0x";
				CLANG_CXX_LIBRARY = "libc++";
				CLANG_ENABLE_MODULES = YES;
				CLANG_ENABLE_OBJC_ARC = YES;
				CLANG_WARN_BOOL_CONVERSION = YES;
				CLANG_WARN_CONSTANT_CONVERSION = YES;
				CLANG_WARN_DIRECT_OBJC_ISA_USAGE = YES_ERROR;
				CLANG_WARN_EMPTY_BODY = YES;
				CLANG_WARN_ENUM_CONVERSION = YES;
				CLANG_WARN_INT_CONVERSION = YES;
				CLANG_WARN_OBJC_ROOT_CLASS = YES_ERROR;
				CLANG_WARN_UNREACHABLE_CODE = YES;
				CLANG_WARN__DUPLICATE_METHOD_MATCH = YES;
				"CODE_SIGN_IDENTITY[sdk=iphoneos*]" = "iPhone Developer";
				COPY_PHASE_STRIP = NO;
				DEBUG_INFORMATION_FORMAT = dwarf;
				ENABLE_STRICT_OBJC_MSGSEND = YES;
				ENABLE_TESTABILITY = YES;
				GCC_C_LANGUAGE_STANDARD = gnu99;
				GCC_DYNAMIC_NO_PIC = NO;
				GCC_NO_COMMON_BLOCKS = YES;
				GCC_OPTIMIZATION_LEVEL = 0;
				GCC_PREPROCESSOR_DEFINITIONS = (
					"DEBUG=1",
					"$(inherited)",
				);
				GCC_WARN_64_TO_32_BIT_CONVERSION = YES;
				GCC_WARN_ABOUT_RETURN_TYPE = YES_ERROR;
				GCC_WARN_UNDECLARED_SELECTOR = YES;
				GCC_WARN_UNINITIALIZED_AUTOS = YES_AGGRESSIVE;
				GCC_WARN_UNUSED_FUNCTION = YES;
				GCC_WARN_UNUSED_VARIABLE = YES;
				IPHONEOS_DEPLOYMENT_TARGET = 9.3;
				MTL_ENABLE_DEBUG_INFO = YES;
				ONLY_ACTIVE_ARCH = YES;
				SDKROOT = iphoneos;
				SWIFT_OPTIMIZATION_LEVEL = "-Onone";
			};
			name = Debug;
		};
		84896F761D06354B00E032BB /* Release */ = {
			isa = XCBuildConfiguration;
			buildSettings = {
				ALWAYS_SEARCH_USER_PATHS = NO;
				CLANG_ANALYZER_NONNULL = YES;
				CLANG_CXX_LANGUAGE_STANDARD = "gnu++0x";
				CLANG_CXX_LIBRARY = "libc++";
				CLANG_ENABLE_MODULES = YES;
				CLANG_ENABLE_OBJC_ARC = YES;
				CLANG_WARN_BOOL_CONVERSION = YES;
				CLANG_WARN_CONSTANT_CONVERSION = YES;
				CLANG_WARN_DIRECT_OBJC_ISA_USAGE = YES_ERROR;
				CLANG_WARN_EMPTY_BODY = YES;
				CLANG_WARN_ENUM_CONVERSION = YES;
				CLANG_WARN_INT_CONVERSION = YES;
				CLANG_WARN_OBJC_ROOT_CLASS = YES_ERROR;
				CLANG_WARN_UNREACHABLE_CODE = YES;
				CLANG_WARN__DUPLICATE_METHOD_MATCH = YES;
				"CODE_SIGN_IDENTITY[sdk=iphoneos*]" = "iPhone Developer";
				COPY_PHASE_STRIP = NO;
				DEBUG_INFORMATION_FORMAT = "dwarf-with-dsym";
				ENABLE_NS_ASSERTIONS = NO;
				ENABLE_STRICT_OBJC_MSGSEND = YES;
				GCC_C_LANGUAGE_STANDARD = gnu99;
				GCC_NO_COMMON_BLOCKS = YES;
				GCC_WARN_64_TO_32_BIT_CONVERSION = YES;
				GCC_WARN_ABOUT_RETURN_TYPE = YES_ERROR;
				GCC_WARN_UNDECLARED_SELECTOR = YES;
				GCC_WARN_UNINITIALIZED_AUTOS = YES_AGGRESSIVE;
				GCC_WARN_UNUSED_FUNCTION = YES;
				GCC_WARN_UNUSED_VARIABLE = YES;
				IPHONEOS_DEPLOYMENT_TARGET = 9.3;
				MTL_ENABLE_DEBUG_INFO = NO;
				SDKROOT = iphoneos;
				VALIDATE_PRODUCT = YES;
			};
			name = Release;
		};
		84896F781D06354B00E032BB /* Debug */ = {
			isa = XCBuildConfiguration;
			buildSettings = {
				ASSETCATALOG_COMPILER_APPICON_NAME = AppIcon;
				INFOPLIST_FILE = SuperCool/Info.plist;
				LD_RUNPATH_SEARCH_PATHS = "$(inherited) @executable_path/Frameworks";
				PRODUCT_BUNDLE_IDENTIFIER = com.diego.SuperCool;
				PRODUCT_NAME = "$(TARGET_NAME)";
			};
			name = Debug;
		};
		84896F791D06354B00E032BB /* Release */ = {
			isa = XCBuildConfiguration;
			buildSettings = {
				ASSETCATALOG_COMPILER_APPICON_NAME = AppIcon;
				INFOPLIST_FILE = SuperCool/Info.plist;
				LD_RUNPATH_SEARCH_PATHS = "$(inherited) @executable_path/Frameworks";
				PRODUCT_BUNDLE_IDENTIFIER = com.diego.SuperCool;
				PRODUCT_NAME = "$(TARGET_NAME)";
			};
			name = Release;
		};
		84896F7B1D06354B00E032BB /* Debug */ = {
			isa = XCBuildConfiguration;
			buildSettings = {
				BUNDLE_LOADER = "$(TEST_HOST)";
				INFOPLIST_FILE = SuperCoolTests/Info.plist;
				LD_RUNPATH_SEARCH_PATHS = "$(inherited) @executable_path/Frameworks @loader_path/Frameworks";
				PRODUCT_BUNDLE_IDENTIFIER = com.diego.SuperCoolTests;
				PRODUCT_NAME = "$(TARGET_NAME)";
				TEST_HOST = "$(BUILT_PRODUCTS_DIR)/SuperCool.app/SuperCool";
			};
			name = Debug;
		};
		84896F7C1D06354B00E032BB /* Release */ = {
			isa = XCBuildConfiguration;
			buildSettings = {
				BUNDLE_LOADER = "$(TEST_HOST)";
				INFOPLIST_FILE = SuperCoolTests/Info.plist;
				LD_RUNPATH_SEARCH_PATHS = "$(inherited) @executable_path/Frameworks @loader_path/Frameworks";
				PRODUCT_BUNDLE_IDENTIFIER = com.diego.SuperCoolTests;
				PRODUCT_NAME = "$(TARGET_NAME)";
				TEST_HOST = "$(BUILT_PRODUCTS_DIR)/SuperCool.app/SuperCool";
			};
			name = Release;
		};
		84896F7E1D06354B00E032BB /* Debug */ = {
			isa = XCBuildConfiguration;
			buildSettings = {
				INFOPLIST_FILE = SuperCoolUITests/Info.plist;
				LD_RUNPATH_SEARCH_PATHS = "$(inherited) @executable_path/Frameworks @loader_path/Frameworks";
				PRODUCT_BUNDLE_IDENTIFIER = com.diego.SuperCoolUITests;
				PRODUCT_NAME = "$(TARGET_NAME)";
				TEST_TARGET_NAME = SuperCool;
			};
			name = Debug;
		};
		84896F7F1D06354B00E032BB /* Release */ = {
			isa = XCBuildConfiguration;
			buildSettings = {
				INFOPLIST_FILE = SuperCoolUITests/Info.plist;
				LD_RUNPATH_SEARCH_PATHS = "$(inherited) @executable_path/Frameworks @loader_path/Frameworks";
				PRODUCT_BUNDLE_IDENTIFIER = com.diego.SuperCoolUITests;
				PRODUCT_NAME = "$(TARGET_NAME)";
				TEST_TARGET_NAME = SuperCool;
			};
			name = Release;
		};
/* End XCBuildConfiguration section */

/* Begin XCConfigurationList section */
		84896F4A1D06354B00E032BB /* Build configuration list for PBXProject "SuperCool" */ = {
			isa = XCConfigurationList;
			buildConfigurations = (
				84896F751D06354B00E032BB /* Debug */,
				84896F761D06354B00E032BB /* Release */,
			);
			defaultConfigurationIsVisible = 0;
			defaultConfigurationName = Release;
		};
		84896F771D06354B00E032BB /* Build configuration list for PBXNativeTarget "SuperCool" */ = {
			isa = XCConfigurationList;
			buildConfigurations = (
				84896F781D06354B00E032BB /* Debug */,
				84896F791D06354B00E032BB /* Release */,
			);
			defaultConfigurationIsVisible = 0;
		};
		84896F7A1D06354B00E032BB /* Build configuration list for PBXNativeTarget "SuperCoolTests" */ = {
			isa = XCConfigurationList;
			buildConfigurations = (
				84896F7B1D06354B00E032BB /* Debug */,
				84896F7C1D06354B00E032BB /* Release */,
			);
			defaultConfigurationIsVisible = 0;
		};
		84896F7D1D06354B00E032BB /* Build configuration list for PBXNativeTarget "SuperCoolUITests" */ = {
			isa = XCConfigurationList;
			buildConfigurations = (
				84896F7E1D06354B00E032BB /* Debug */,
				84896F7F1D06354B00E032BB /* Release */,
			);
			defaultConfigurationIsVisible = 0;
		};
/* End XCConfigurationList section */
	};
	rootObject = 84896F471D06354B00E032BB /* Project object */;
}
